
Microsoft Visual Studio Solution File, Format Version 12.00
# Visual Studio Version 17
VisualStudioVersion = 17.3.32922.545
MinimumVisualStudioVersion = 10.0.40219.1
Project("{FAE04EC0-301F-11D3-BF4B-00C04F79EFBC}") = "RankingApp", "RankingApp\RankingApp.csproj", "{B8E8B764-B4C9-41E0-8547-924F14F18544}"
EndProject
Global
	GlobalSection(SolutionConfigurationPlatforms) = preSolution
		Debug|Any CPU = Debug|Any CPU
		Release|Any CPU = Release|Any CPU
	EndGlobalSection
	GlobalSection(ProjectConfigurationPlatforms) = postSolution
		{B8E8B764-B4C9-41E0-8547-924F14F18544}.Debug|Any CPU.ActiveCfg = Debug|Any CPU
		{B8E8B764-B4C9-41E0-8547-924F14F18544}.Debug|Any CPU.Build.0 = Debug|Any CPU
		{B8E8B764-B4C9-41E0-8547-924F14F18544}.Release|Any CPU.ActiveCfg = Release|Any CPU
		{B8E8B764-B4C9-41E0-8547-924F14F18544}.Release|Any CPU.Build.0 = Release|Any CPU
	EndGlobalSection
	GlobalSection(SolutionProperties) = preSolution
		HideSolutionNode = FALSE
	EndGlobalSection
	GlobalSection(ExtensibilityGlobals) = postSolution
		SolutionGuid = {301B0B0D-760D-4493-95A0-4DB02C6C6E46}
	EndGlobalSection
EndGlobal
